Microsoft Visual Studio Solution File, Format Version 9.00
# Visual Studio 2005
Project("{8BC9CEB8-8B4A-11D0-8D11-00A0C91BC942}") = "JAPDll", "JAPDll_VC80.vcproj", "{E329FC96-0CAD-40E3-B934-F0204FC198CE}"
EndProject
Global
	GlobalSection(SolutionConfigurationPlatforms) = preSolution
		Debug_JDK1.4|Win32 = Debug_JDK1.4|Win32
		Debug|Win32 = Debug|Win32
		Release|Win32 = Release|Win32
	EndGlobalSection
	GlobalSection(ProjectConfigurationPlatforms) = postSolution
		{E329FC96-0CAD-40E3-B934-F0204FC198CE}.Debug_JDK1.4|Win32.ActiveCfg = Debug_JDK1.4|Win32
		{E329FC96-0CAD-40E3-B934-F0204FC198CE}.Debug_JDK1.4|Win32.Build.0 = Debug_JDK1.4|Win32
		{E329FC96-0CAD-40E3-B934-F0204FC198CE}.Debug|Win32.ActiveCfg = Debug|Win32
		{E329FC96-0CAD-40E3-B934-F0204FC198CE}.Debug|Win32.Build.0 = Debug|Win32
		{E329FC96-0CAD-40E3-B934-F0204FC198CE}.Release|Win32.ActiveCfg = Release|Win32
		{E329FC96-0CAD-40E3-B934-F0204FC198CE}.Release|Win32.Build.0 = Release|Win32
	EndGlobalSection
	GlobalSection(SolutionProperties) = preSolution
		HideSolutionNode = FALSE
	EndGlobalSection
EndGlobal
